
Microsoft Visual Studio Solution File, Format Version 12.00
# Visual Studio 2013
VisualStudioVersion = 12.0.31101.0
MinimumVisualStudioVersion = 10.0.40219.1
Project("{CC5FD16D-436D-48AD-A40C-5A424C6E3E79}") = "cwtechdb", "cwtechdb\cwtechdb.ccproj", "{0BD3ED80-8C8D-4358-A059-419BA1F52A2C}"
EndProject
Project("{FAE04EC0-301F-11D3-BF4B-00C04F79EFBC}") = "cwtechdbWebRole", "cwtechdbWebRole\cwtechdbWebRole.csproj", "{5D3166A7-9699-44DF-B7F1-522DD311C2FF}"
EndProject
Global
	GlobalSection(SolutionConfigurationPlatforms) = preSolution
		Debug|Any CPU = Debug|Any CPU
		Release|Any CPU = Release|Any CPU
	EndGlobalSection
	GlobalSection(ProjectConfigurationPlatforms) = postSolution
		{0BD3ED80-8C8D-4358-A059-419BA1F52A2C}.Debug|Any CPU.ActiveCfg = Debug|Any CPU
		{0BD3ED80-8C8D-4358-A059-419BA1F52A2C}.Debug|Any CPU.Build.0 = Debug|Any CPU
		{0BD3ED80-8C8D-4358-A059-419BA1F52A2C}.Release|Any CPU.ActiveCfg = Release|Any CPU
		{0BD3ED80-8C8D-4358-A059-419BA1F52A2C}.Release|Any CPU.Build.0 = Release|Any CPU
		{5D3166A7-9699-44DF-B7F1-522DD311C2FF}.Debug|Any CPU.ActiveCfg = Debug|Any CPU
		{5D3166A7-9699-44DF-B7F1-522DD311C2FF}.Debug|Any CPU.Build.0 = Debug|Any CPU
		{5D3166A7-9699-44DF-B7F1-522DD311C2FF}.Release|Any CPU.ActiveCfg = Release|Any CPU
		{5D3166A7-9699-44DF-B7F1-522DD311C2FF}.Release|Any CPU.Build.0 = Release|Any CPU
	EndGlobalSection
	GlobalSection(SolutionProperties) = preSolution
		HideSolutionNode = FALSE
	EndGlobalSection
EndGlobal
